// !$*UTF8*$!
{
	archiveVersion = 1;
	classes = {
	};
	objectVersion = 50;
	objects = {

/* Begin PBXBuildFile section */
		3E7582F1220E107500E5AABB /* AppDelegate.swift in Sources */ = {isa = PBXBuildFile; fileRef = 3E7582F0220E107500E5AABB /* AppDelegate.swift */; };
		3E7582F3220E107500E5AABB /* ViewController.swift in Sources */ = {isa = PBXBuildFile; fileRef = 3E7582F2220E107500E5AABB /* ViewController.swift */; };
		3E7582F6220E107500E5AABB /* Main.storyboard in Resources */ = {isa = PBXBuildFile; fileRef = 3E7582F4220E107500E5AABB /* Main.storyboard */; };
		3E7582F8220E107600E5AABB /* Assets.xcassets in Resources */ = {isa = PBXBuildFile; fileRef = 3E7582F7220E107600E5AABB /* Assets.xcassets */; };
		3E7582FB220E107600E5AABB /* LaunchScreen.storyboard in Resources */ = {isa = PBXBuildFile; fileRef = 3E7582F9220E107600E5AABB /* LaunchScreen.storyboard */; };
		3E758309220E230000E5AABB /* one.jpg in Resources */ = {isa = PBXBuildFile; fileRef = 3E758308220E230000E5AABB /* one.jpg */; };
		3E81B4492212F66200D2D38A /* GestureNet.mlmodel in Sources */ = {isa = PBXBuildFile; fileRef = 3E81B4482212F66200D2D38A /* GestureNet.mlmodel */; };
		3E81B44B2212F87700D2D38A /* RecognitionViewController.swift in Sources */ = {isa = PBXBuildFile; fileRef = 3E81B44A2212F87700D2D38A /* RecognitionViewController.swift */; };
		3E81B45A22130B2000D2D38A /* Array+Extensions.swift in Sources */ = {isa = PBXBuildFile; fileRef = 3E81B44D22130B2000D2D38A /* Array+Extensions.swift */; };
		3E81B45B22130B2000D2D38A /* Math.swift in Sources */ = {isa = PBXBuildFile; fileRef = 3E81B44E22130B2000D2D38A /* Math.swift */; };
		3E81B45C22130B2000D2D38A /* UIImage+CVPixelBuffer.swift in Sources */ = {isa = PBXBuildFile; fileRef = 3E81B44F22130B2000D2D38A /* UIImage+CVPixelBuffer.swift */; };
		3E81B45D22130B2000D2D38A /* Predictions.swift in Sources */ = {isa = PBXBuildFile; fileRef = 3E81B45022130B2000D2D38A /* Predictions.swift */; };
		3E81B45E22130B2000D2D38A /* UIImage+Extensions.swift in Sources */ = {isa = PBXBuildFile; fileRef = 3E81B45122130B2000D2D38A /* UIImage+Extensions.swift */; };
		3E81B45F22130B2000D2D38A /* CGImagePropertyOrientation.swift in Sources */ = {isa = PBXBuildFile; fileRef = 3E81B45222130B2000D2D38A /* CGImagePropertyOrientation.swift */; };
		3E81B46022130B2000D2D38A /* UIImage+RawBytes.swift in Sources */ = {isa = PBXBuildFile; fileRef = 3E81B45322130B2000D2D38A /* UIImage+RawBytes.swift */; };
		3E81B46122130B2000D2D38A /* MLMultiArray+Helpers.swift in Sources */ = {isa = PBXBuildFile; fileRef = 3E81B45422130B2000D2D38A /* MLMultiArray+Helpers.swift */; };
		3E81B46222130B2000D2D38A /* CVPixelBuffer+Helpers.swift in Sources */ = {isa = PBXBuildFile; fileRef = 3E81B45522130B2000D2D38A /* CVPixelBuffer+Helpers.swift */; };
		3E81B46322130B2000D2D38A /* CGImage+CVPixelBuffer.swift in Sources */ = {isa = PBXBuildFile; fileRef = 3E81B45622130B2000D2D38A /* CGImage+CVPixelBuffer.swift */; };
		3E81B46422130B2000D2D38A /* NonMaxSuppression.swift in Sources */ = {isa = PBXBuildFile; fileRef = 3E81B45722130B2000D2D38A /* NonMaxSuppression.swift */; };
		3E81B46522130B2000D2D38A /* CGImage+RawBytes.swift in Sources */ = {isa = PBXBuildFile; fileRef = 3E81B45822130B2000D2D38A /* CGImage+RawBytes.swift */; };
		3E81B46622130B2000D2D38A /* MLMultiArray+Image.swift in Sources */ = {isa = PBXBuildFile; fileRef = 3E81B45922130B2000D2D38A /* MLMultiArray+Image.swift */; };
		3E81B46C22131FCE00D2D38A /* five.jpg in Resources */ = {isa = PBXBuildFile; fileRef = 3E81B46722131FCE00D2D38A /* five.jpg */; };
		3E81B46D22131FCE00D2D38A /* good.jpg in Resources */ = {isa = PBXBuildFile; fileRef = 3E81B46822131FCE00D2D38A /* good.jpg */; };
		3E81B46E22131FCE00D2D38A /* bad.jpg in Resources */ = {isa = PBXBuildFile; fileRef = 3E81B46922131FCE00D2D38A /* bad.jpg */; };
		3E81B46F22131FCE00D2D38A /* three.jpg in Resources */ = {isa = PBXBuildFile; fileRef = 3E81B46A22131FCE00D2D38A /* three.jpg */; };
		3E81B47022131FCE00D2D38A /* two.jpg in Resources */ = {isa = PBXBuildFile; fileRef = 3E81B46B22131FCE00D2D38A /* two.jpg */; };
		3E81B472221322A600D2D38A /* GestureNetNoGarbage.mlmodel in Sources */ = {isa = PBXBuildFile; fileRef = 3E81B471221322A600D2D38A /* GestureNetNoGarbage.mlmodel */; };
		3E81B474221465E000D2D38A /* GestureNetMini.mlmodel in Sources */ = {isa = PBXBuildFile; fileRef = 3E81B473221465E000D2D38A /* GestureNetMini.mlmodel */; };
/* End PBXBuildFile section */

/* Begin PBXFileReference section */
		3E7582ED220E107500E5AABB /* HandGestureDetection-Ego.app */ = {isa = PBXFileReference; explicitFileType = wrapper.application; includeInIndex = 0; path = "HandGestureDetection-Ego.app"; sourceTree = BUILT_PRODUCTS_DIR; };
		3E7582F0220E107500E5AABB /* AppDelegate.swift */ = {isa = PBXFileReference; lastKnownFileType = sourcecode.swift; path = AppDelegate.swift; sourceTree = "<group>"; };
		3E7582F2220E107500E5AABB /* ViewController.swift */ = {isa = PBXFileReference; lastKnownFileType = sourcecode.swift; path = ViewController.swift; sourceTree = "<group>"; };
		3E7582F5220E107500E5AABB /* Base */ = {isa = PBXFileReference; lastKnownFileType = file.storyboard; name = Base; path = Base.lproj/Main.storyboard; sourceTree = "<group>"; };
		3E7582F7220E107600E5AABB /* Assets.xcassets */ = {isa = PBXFileReference; lastKnownFileType = folder.assetcatalog; path = Assets.xcassets; sourceTree = "<group>"; };
		3E7582FA220E107600E5AABB /* Base */ = {isa = PBXFileReference; lastKnownFileType = file.storyboard; name = Base; path = Base.lproj/LaunchScreen.storyboard; sourceTree = "<group>"; };
		3E7582FC220E107600E5AABB /* Info.plist */ = {isa = PBXFileReference; lastKnownFileType = text.plist.xml; path = Info.plist; sourceTree = "<group>"; };
		3E758308220E230000E5AABB /* one.jpg */ = {isa = PBXFileReference; lastKnownFileType = image.jpeg; path = one.jpg; sourceTree = "<group>"; };
		3E81B4482212F66200D2D38A /* GestureNet.mlmodel */ = {isa = PBXFileReference; lastKnownFileType = file.mlmodel; path = GestureNet.mlmodel; sourceTree = "<group>"; };
		3E81B44A2212F87700D2D38A /* RecognitionViewController.swift */ = {isa = PBXFileReference; lastKnownFileType = sourcecode.swift; path = RecognitionViewController.swift; sourceTree = "<group>"; };
		3E81B44D22130B2000D2D38A /* Array+Extensions.swift */ = {isa = PBXFileReference; fileEncoding = 4; lastKnownFileType = sourcecode.swift; path = "Array+Extensions.swift"; sourceTree = "<group>"; };
		3E81B44E22130B2000D2D38A /* Math.swift */ = {isa = PBXFileReference; fileEncoding = 4; lastKnownFileType = sourcecode.swift; path = Math.swift; sourceTree = "<group>"; };
		3E81B44F22130B2000D2D38A /* UIImage+CVPixelBuffer.swift */ = {isa = PBXFileReference; fileEncoding = 4; lastKnownFileType = sourcecode.swift; path = "UIImage+CVPixelBuffer.swift"; sourceTree = "<group>"; };
		3E81B45022130B2000D2D38A /* Predictions.swift */ = {isa = PBXFileReference; fileEncoding = 4; lastKnownFileType = sourcecode.swift; path = Predictions.swift; sourceTree = "<group>"; };
		3E81B45122130B2000D2D38A /* UIImage+Extensions.swift */ = {isa = PBXFileReference; fileEncoding = 4; lastKnownFileType = sourcecode.swift; path = "UIImage+Extensions.swift"; sourceTree = "<group>"; };
		3E81B45222130B2000D2D38A /* CGImagePropertyOrientation.swift */ = {isa = PBXFileReference; fileEncoding = 4; lastKnownFileType = sourcecode.swift; path = CGImagePropertyOrientation.swift; sourceTree = "<group>"; };
		3E81B45322130B2000D2D38A /* UIImage+RawBytes.swift */ = {isa = PBXFileReference; fileEncoding = 4; lastKnownFileType = sourcecode.swift; path = "UIImage+RawBytes.swift"; sourceTree = "<group>"; };
		3E81B45422130B2000D2D38A /* MLMultiArray+Helpers.swift */ = {isa = PBXFileReference; fileEncoding = 4; lastKnownFileType = sourcecode.swift; path = "MLMultiArray+Helpers.swift"; sourceTree = "<group>"; };
		3E81B45522130B2000D2D38A /* CVPixelBuffer+Helpers.swift */ = {isa = PBXFileReference; fileEncoding = 4; lastKnownFileType = sourcecode.swift; path = "CVPixelBuffer+Helpers.swift"; sourceTree = "<group>"; };
		3E81B45622130B2000D2D38A /* CGImage+CVPixelBuffer.swift */ = {isa = PBXFileReference; fileEncoding = 4; lastKnownFileType = sourcecode.swift; path = "CGImage+CVPixelBuffer.swift"; sourceTree = "<group>"; };
		3E81B45722130B2000D2D38A /* NonMaxSuppression.swift */ = {isa = PBXFileReference; fileEncoding = 4; lastKnownFileType = sourcecode.swift; path = NonMaxSuppression.swift; sourceTree = "<group>"; };
		3E81B45822130B2000D2D38A /* CGImage+RawBytes.swift */ = {isa = PBXFileReference; fileEncoding = 4; lastKnownFileType = sourcecode.swift; path = "CGImage+RawBytes.swift"; sourceTree = "<group>"; };
		3E81B45922130B2000D2D38A /* MLMultiArray+Image.swift */ = {isa = PBXFileReference; fileEncoding = 4; lastKnownFileType = sourcecode.swift; path = "MLMultiArray+Image.swift"; sourceTree = "<group>"; };
		3E81B46722131FCE00D2D38A /* five.jpg */ = {isa = PBXFileReference; lastKnownFileType = image.jpeg; path = five.jpg; sourceTree = "<group>"; };
		3E81B46822131FCE00D2D38A /* good.jpg */ = {isa = PBXFileReference; lastKnownFileType = image.jpeg; path = good.jpg; sourceTree = "<group>"; };
		3E81B46922131FCE00D2D38A /* bad.jpg */ = {isa = PBXFileReference; lastKnownFileType = image.jpeg; path = bad.jpg; sourceTree = "<group>"; };
		3E81B46A22131FCE00D2D38A /* three.jpg */ = {isa = PBXFileReference; lastKnownFileType = image.jpeg; path = three.jpg; sourceTree = "<group>"; };
		3E81B46B22131FCE00D2D38A /* two.jpg */ = {isa = PBXFileReference; lastKnownFileType = image.jpeg; path = two.jpg; sourceTree = "<group>"; };
		3E81B471221322A600D2D38A /* GestureNetNoGarbage.mlmodel */ = {isa = PBXFileReference; lastKnownFileType = file.mlmodel; path = GestureNetNoGarbage.mlmodel; sourceTree = "<group>"; };
		3E81B473221465E000D2D38A /* GestureNetMini.mlmodel */ = {isa = PBXFileReference; lastKnownFileType = file.mlmodel; path = GestureNetMini.mlmodel; sourceTree = "<group>"; };
/* End PBXFileReference section */

/* Begin PBXFrameworksBuildPhase section */
		3E7582EA220E107500E5AABB /* Frameworks */ = {
			isa = PBXFrameworksBuildPhase;
			buildActionMask = 2147483647;
			files = (
			);
			runOnlyForDeploymentPostprocessing = 0;
		};
/* End PBXFrameworksBuildPhase section */

/* Begin PBXGroup section */
		3E7582E4220E107500E5AABB = {
			isa = PBXGroup;
			children = (
				3E7582EF220E107500E5AABB /* HandGestureDetection-Ego */,
				3E7582EE220E107500E5AABB /* Products */,
			);
			sourceTree = "<group>";
		};
		3E7582EE220E107500E5AABB /* Products */ = {
			isa = PBXGroup;
			children = (
				3E7582ED220E107500E5AABB /* HandGestureDetection-Ego.app */,
			);
			name = Products;
			sourceTree = "<group>";
		};
		3E7582EF220E107500E5AABB /* HandGestureDetection-Ego */ = {
			isa = PBXGroup;
			children = (
				3E81B473221465E000D2D38A /* GestureNetMini.mlmodel */,
				3E81B471221322A600D2D38A /* GestureNetNoGarbage.mlmodel */,
				3E81B46922131FCE00D2D38A /* bad.jpg */,
				3E81B46722131FCE00D2D38A /* five.jpg */,
				3E81B46822131FCE00D2D38A /* good.jpg */,
				3E81B46A22131FCE00D2D38A /* three.jpg */,
				3E81B46B22131FCE00D2D38A /* two.jpg */,
				3E81B44C22130B2000D2D38A /* CoreMLHelpers */,
				3E81B4482212F66200D2D38A /* GestureNet.mlmodel */,
				3E758308220E230000E5AABB /* one.jpg */,
				3E7582F0220E107500E5AABB /* AppDelegate.swift */,
				3E7582F2220E107500E5AABB /* ViewController.swift */,
				3E7582F4220E107500E5AABB /* Main.storyboard */,
				3E7582F7220E107600E5AABB /* Assets.xcassets */,
				3E7582F9220E107600E5AABB /* LaunchScreen.storyboard */,
				3E7582FC220E107600E5AABB /* Info.plist */,
				3E81B44A2212F87700D2D38A /* RecognitionViewController.swift */,
			);
			path = "HandGestureDetection-Ego";
			sourceTree = "<group>";
		};
		3E81B44C22130B2000D2D38A /* CoreMLHelpers */ = {
			isa = PBXGroup;
			children = (
				3E81B44D22130B2000D2D38A /* Array+Extensions.swift */,
				3E81B44E22130B2000D2D38A /* Math.swift */,
				3E81B44F22130B2000D2D38A /* UIImage+CVPixelBuffer.swift */,
				3E81B45022130B2000D2D38A /* Predictions.swift */,
				3E81B45122130B2000D2D38A /* UIImage+Extensions.swift */,
				3E81B45222130B2000D2D38A /* CGImagePropertyOrientation.swift */,
				3E81B45322130B2000D2D38A /* UIImage+RawBytes.swift */,
				3E81B45422130B2000D2D38A /* MLMultiArray+Helpers.swift */,
				3E81B45522130B2000D2D38A /* CVPixelBuffer+Helpers.swift */,
				3E81B45622130B2000D2D38A /* CGImage+CVPixelBuffer.swift */,
				3E81B45722130B2000D2D38A /* NonMaxSuppression.swift */,
				3E81B45822130B2000D2D38A /* CGImage+RawBytes.swift */,
				3E81B45922130B2000D2D38A /* MLMultiArray+Image.swift */,
			);
			path = CoreMLHelpers;
			sourceTree = "<group>";
		};
/* End PBXGroup section */

/* Begin PBXNativeTarget section */
		3E7582EC220E107500E5AABB /* HandGestureDetection-Ego */ = {
			isa = PBXNativeTarget;
			buildConfigurationList = 3E7582FF220E107600E5AABB /* Build configuration list for PBXNativeTarget "HandGestureDetection-Ego" */;
			buildPhases = (
				3E7582E9220E107500E5AABB /* Sources */,
				3E7582EA220E107500E5AABB /* Frameworks */,
				3E7582EB220E107500E5AABB /* Resources */,
			);
			buildRules = (
			);
			dependencies = (
			);
			name = "HandGestureDetection-Ego";
			productName = "HandGestureDetection-Ego";
			productReference = 3E7582ED220E107500E5AABB /* HandGestureDetection-Ego.app */;
			productType = "com.apple.product-type.application";
		};
/* End PBXNativeTarget section */

/* Begin PBXProject section */
		3E7582E5220E107500E5AABB /* Project object */ = {
			isa = PBXProject;
			attributes = {
				LastSwiftUpdateCheck = 1010;
				LastUpgradeCheck = 1010;
				ORGANIZATIONNAME = Distillery;
				TargetAttributes = {
					3E7582EC220E107500E5AABB = {
						CreatedOnToolsVersion = 10.1;
					};
				};
			};
			buildConfigurationList = 3E7582E8220E107500E5AABB /* Build configuration list for PBXProject "HandGestureDetection-Ego" */;
			compatibilityVersion = "Xcode 9.3";
			developmentRegion = en;
			hasScannedForEncodings = 0;
			knownRegions = (
				en,
				Base,
			);
			mainGroup = 3E7582E4220E107500E5AABB;
			productRefGroup = 3E7582EE220E107500E5AABB /* Products */;
			projectDirPath = "";
			projectRoot = "";
			targets = (
				3E7582EC220E107500E5AABB /* HandGestureDetection-Ego */,
			);
		};
/* End PBXProject section */

/* Begin PBXResourcesBuildPhase section */
		3E7582EB220E107500E5AABB /* Resources */ = {
			isa = PBXResourcesBuildPhase;
			buildActionMask = 2147483647;
			files = (
				3E81B46D22131FCE00D2D38A /* good.jpg in Resources */,
				3E7582FB220E107600E5AABB /* LaunchScreen.storyboard in Resources */,
				3E81B46C22131FCE00D2D38A /* five.jpg in Resources */,
				3E758309220E230000E5AABB /* one.jpg in Resources */,
				3E7582F8220E107600E5AABB /* Assets.xcassets in Resources */,
				3E81B46E22131FCE00D2D38A /* bad.jpg in Resources */,
				3E7582F6220E107500E5AABB /* Main.storyboard in Resources */,
				3E81B47022131FCE00D2D38A /* two.jpg in Resources */,
				3E81B46F22131FCE00D2D38A /* three.jpg in Resources */,
			);
			runOnlyForDeploymentPostprocessing = 0;
		};
/* End PBXResourcesBuildPhase section */

/* Begin PBXSourcesBuildPhase section */
		3E7582E9220E107500E5AABB /* Sources */ = {
			isa = PBXSourcesBuildPhase;
			buildActionMask = 2147483647;
			files = (
				3E81B45D22130B2000D2D38A /* Predictions.swift in Sources */,
				3E7582F3220E107500E5AABB /* ViewController.swift in Sources */,
				3E81B45A22130B2000D2D38A /* Array+Extensions.swift in Sources */,
				3E81B46222130B2000D2D38A /* CVPixelBuffer+Helpers.swift in Sources */,
				3E7582F1220E107500E5AABB /* AppDelegate.swift in Sources */,
				3E81B472221322A600D2D38A /* GestureNetNoGarbage.mlmodel in Sources */,
				3E81B46022130B2000D2D38A /* UIImage+RawBytes.swift in Sources */,
				3E81B44B2212F87700D2D38A /* RecognitionViewController.swift in Sources */,
				3E81B46322130B2000D2D38A /* CGImage+CVPixelBuffer.swift in Sources */,
				3E81B46622130B2000D2D38A /* MLMultiArray+Image.swift in Sources */,
				3E81B45C22130B2000D2D38A /* UIImage+CVPixelBuffer.swift in Sources */,
				3E81B45F22130B2000D2D38A /* CGImagePropertyOrientation.swift in Sources */,
				3E81B474221465E000D2D38A /* GestureNetMini.mlmodel in Sources */,
				3E81B46522130B2000D2D38A /* CGImage+RawBytes.swift in Sources */,
				3E81B45E22130B2000D2D38A /* UIImage+Extensions.swift in Sources */,
				3E81B4492212F66200D2D38A /* GestureNet.mlmodel in Sources */,
				3E81B46122130B2000D2D38A /* MLMultiArray+Helpers.swift in Sources */,
				3E81B46422130B2000D2D38A /* NonMaxSuppression.swift in Sources */,
				3E81B45B22130B2000D2D38A /* Math.swift in Sources */,
			);
			runOnlyForDeploymentPostprocessing = 0;
		};
/* End PBXSourcesBuildPhase section */

/* Begin PBXVariantGroup section */
		3E7582F4220E107500E5AABB /* Main.storyboard */ = {
			isa = PBXVariantGroup;
			children = (
				3E7582F5220E107500E5AABB /* Base */,
			);
			name = Main.storyboard;
			sourceTree = "<group>";
		};
		3E7582F9220E107600E5AABB /* LaunchScreen.storyboard */ = {
			isa = PBXVariantGroup;
			children = (
				3E7582FA220E107600E5AABB /* Base */,
			);
			name = LaunchScreen.storyboard;
			sourceTree = "<group>";
		};
/* End PBXVariantGroup section */

/* Begin XCBuildConfiguration section */
		3E7582FD220E107600E5AABB /* Debug */ = {
			isa = XCBuildConfiguration;
			buildSettings = {
				ALWAYS_SEARCH_USER_PATHS = NO;
				CLANG_ANALYZER_NONNULL = YES;
				CLANG_ANALYZER_NUMBER_OBJECT_CONVERSION = YES_AGGRESSIVE;
				CLANG_CXX_LANGUAGE_STANDARD = "gnu++14";
				CLANG_CXX_LIBRARY = "libc++";
				CLANG_ENABLE_MODULES = YES;
				CLANG_ENABLE_OBJC_ARC = YES;
				CLANG_ENABLE_OBJC_WEAK = YES;
				CLANG_WARN_BLOCK_CAPTURE_AUTORELEASING = YES;
				CLANG_WARN_BOOL_CONVERSION = YES;
				CLANG_WARN_COMMA = YES;
				CLANG_WARN_CONSTANT_CONVERSION = YES;
				CLANG_WARN_DEPRECATED_OBJC_IMPLEMENTATIONS = YES;
				CLANG_WARN_DIRECT_OBJC_ISA_USAGE = YES_ERROR;
				CLANG_WARN_DOCUMENTATION_COMMENTS = YES;
				CLANG_WARN_EMPTY_BODY = YES;
				CLANG_WARN_ENUM_CONVERSION = YES;
				CLANG_WARN_INFINITE_RECURSION = YES;
				CLANG_WARN_INT_CONVERSION = YES;
				CLANG_WARN_NON_LITERAL_NULL_CONVERSION = YES;
				CLANG_WARN_OBJC_IMPLICIT_RETAIN_SELF = YES;
				CLANG_WARN_OBJC_LITERAL_CONVERSION = YES;
				CLANG_WARN_OBJC_ROOT_CLASS = YES_ERROR;
				CLANG_WARN_RANGE_LOOP_ANALYSIS = YES;
				CLANG_WARN_STRICT_PROTOTYPES = YES;
				CLANG_WARN_SUSPICIOUS_MOVE = YES;
				CLANG_WARN_UNGUARDED_AVAILABILITY = YES_AGGRESSIVE;
				CLANG_WARN_UNREACHABLE_CODE = YES;
				CLANG_WARN__DUPLICATE_METHOD_MATCH = YES;
				CODE_SIGN_IDENTITY = "iPhone Developer";
				COPY_PHASE_STRIP = NO;
				DEBUG_INFORMATION_FORMAT = dwarf;
				ENABLE_STRICT_OBJC_MSGSEND = YES;
				ENABLE_TESTABILITY = YES;
				GCC_C_LANGUAGE_STANDARD = gnu11;
				GCC_DYNAMIC_NO_PIC = NO;
				GCC_NO_COMMON_BLOCKS = YES;
				GCC_OPTIMIZATION_LEVEL = 0;
				GCC_PREPROCESSOR_DEFINITIONS = (
					"DEBUG=1",
					"$(inherited)",
				);
				GCC_WARN_64_TO_32_BIT_CONVERSION = YES;
				GCC_WARN_ABOUT_RETURN_TYPE = YES_ERROR;
				GCC_WARN_UNDECLARED_SELECTOR = YES;
				GCC_WARN_UNINITIALIZED_AUTOS = YES_AGGRESSIVE;
				GCC_WARN_UNUSED_FUNCTION = YES;
				GCC_WARN_UNUSED_VARIABLE = YES;
				IPHONEOS_DEPLOYMENT_TARGET = 12.1;
				MTL_ENABLE_DEBUG_INFO = INCLUDE_SOURCE;
				MTL_FAST_MATH = YES;
				ONLY_ACTIVE_ARCH = YES;
				SDKROOT = iphoneos;
				SWIFT_ACTIVE_COMPILATION_CONDITIONS = DEBUG;
				SWIFT_OPTIMIZATION_LEVEL = "-Onone";
			};
			name = Debug;
		};
		3E7582FE220E107600E5AABB /* Release */ = {
			isa = XCBuildConfiguration;
			buildSettings = {
				ALWAYS_SEARCH_USER_PATHS = NO;
				CLANG_ANALYZER_NONNULL = YES;
				CLANG_ANALYZER_NUMBER_OBJECT_CONVERSION = YES_AGGRESSIVE;
				CLANG_CXX_LANGUAGE_STANDARD = "gnu++14";
				CLANG_CXX_LIBRARY = "libc++";
				CLANG_ENABLE_MODULES = YES;
				CLANG_ENABLE_OBJC_ARC = YES;
				CLANG_ENABLE_OBJC_WEAK = YES;
				CLANG_WARN_BLOCK_CAPTURE_AUTORELEASING = YES;
				CLANG_WARN_BOOL_CONVERSION = YES;
				CLANG_WARN_COMMA = YES;
				CLANG_WARN_CONSTANT_CONVERSION = YES;
				CLANG_WARN_DEPRECATED_OBJC_IMPLEMENTATIONS = YES;
				CLANG_WARN_DIRECT_OBJC_ISA_USAGE = YES_ERROR;
				CLANG_WARN_DOCUMENTATION_COMMENTS = YES;
				CLANG_WARN_EMPTY_BODY = YES;
				CLANG_WARN_ENUM_CONVERSION = YES;
				CLANG_WARN_INFINITE_RECURSION = YES;
				CLANG_WARN_INT_CONVERSION = YES;
				CLANG_WARN_NON_LITERAL_NULL_CONVERSION = YES;
				CLANG_WARN_OBJC_IMPLICIT_RETAIN_SELF = YES;
				CLANG_WARN_OBJC_LITERAL_CONVERSION = YES;
				CLANG_WARN_OBJC_ROOT_CLASS = YES_ERROR;
				CLANG_WARN_RANGE_LOOP_ANALYSIS = YES;
				CLANG_WARN_STRICT_PROTOTYPES = YES;
				CLANG_WARN_SUSPICIOUS_MOVE = YES;
				CLANG_WARN_UNGUARDED_AVAILABILITY = YES_AGGRESSIVE;
				CLANG_WARN_UNREACHABLE_CODE = YES;
				CLANG_WARN__DUPLICATE_METHOD_MATCH = YES;
				CODE_SIGN_IDENTITY = "iPhone Developer";
				COPY_PHASE_STRIP = NO;
				DEBUG_INFORMATION_FORMAT = "dwarf-with-dsym";
				ENABLE_NS_ASSERTIONS = NO;
				ENABLE_STRICT_OBJC_MSGSEND = YES;
				GCC_C_LANGUAGE_STANDARD = gnu11;
				GCC_NO_COMMON_BLOCKS = YES;
				GCC_WARN_64_TO_32_BIT_CONVERSION = YES;
				GCC_WARN_ABOUT_RETURN_TYPE = YES_ERROR;
				GCC_WARN_UNDECLARED_SELECTOR = YES;
				GCC_WARN_UNINITIALIZED_AUTOS = YES_AGGRESSIVE;
				GCC_WARN_UNUSED_FUNCTION = YES;
				GCC_WARN_UNUSED_VARIABLE = YES;
				IPHONEOS_DEPLOYMENT_TARGET = 12.1;
				MTL_ENABLE_DEBUG_INFO = NO;
				MTL_FAST_MATH = YES;
				SDKROOT = iphoneos;
				SWIFT_COMPILATION_MODE = wholemodule;
				SWIFT_OPTIMIZATION_LEVEL = "-O";
				VALIDATE_PRODUCT = YES;
			};
			name = Release;
		};
		3E758300220E107600E5AABB /* Debug */ = {
			isa = XCBuildConfiguration;
			buildSettings = {
				ASSETCATALOG_COMPILER_APPICON_NAME = AppIcon;
				CODE_SIGN_STYLE = Automatic;
				DEVELOPMENT_TEAM = 8X676Z47A4;
				INFOPLIST_FILE = "HandGestureDetection-Ego/Info.plist";
				LD_RUNPATH_SEARCH_PATHS = (
					"$(inherited)",
					"@executable_path/Frameworks",
				);
				PRODUCT_BUNDLE_IDENTIFIER = "com.weezlabs.HandGestureDetection-Ego";
				PRODUCT_NAME = "$(TARGET_NAME)";
				SWIFT_VERSION = 4.2;
				TARGETED_DEVICE_FAMILY = "1,2";
			};
			name = Debug;
		};
		3E758301220E107600E5AABB /* Release */ = {
			isa = XCBuildConfiguration;
			buildSettings = {
				ASSETCATALOG_COMPILER_APPICON_NAME = AppIcon;
				CODE_SIGN_STYLE = Automatic;
				DEVELOPMENT_TEAM = 8X676Z47A4;
				INFOPLIST_FILE = "HandGestureDetection-Ego/Info.plist";
				LD_RUNPATH_SEARCH_PATHS = (
					"$(inherited)",
					"@executable_path/Frameworks",
				);
				PRODUCT_BUNDLE_IDENTIFIER = "com.weezlabs.HandGestureDetection-Ego";
				PRODUCT_NAME = "$(TARGET_NAME)";
				SWIFT_VERSION = 4.2;
				TARGETED_DEVICE_FAMILY = "1,2";
			};
			name = Release;
		};
/* End XCBuildConfiguration section */

/* Begin XCConfigurationList section */
		3E7582E8220E107500E5AABB /* Build configuration list for PBXProject "HandGestureDetection-Ego" */ = {
			isa = XCConfigurationList;
			buildConfigurations = (
				3E7582FD220E107600E5AABB /* Debug */,
				3E7582FE220E107600E5AABB /* Release */,
			);
			defaultConfigurationIsVisible = 0;
			defaultConfigurationName = Release;
		};
		3E7582FF220E107600E5AABB /* Build configuration list for PBXNativeTarget "HandGestureDetection-Ego" */ = {
			isa = XCConfigurationList;
			buildConfigurations = (
				3E758300220E107600E5AABB /* Debug */,
				3E758301220E107600E5AABB /* Release */,
			);
			defaultConfigurationIsVisible = 0;
			defaultConfigurationName = Release;
		};
/* End XCConfigurationList section */
	};
	rootObject = 3E7582E5220E107500E5AABB /* Project object */;
}
